
Microsoft Visual Studio Solution File, Format Version 12.00
# Visual Studio Version 17
VisualStudioVersion = 17.5.2.0
MinimumVisualStudioVersion = 10.0.40219.1
Project("{FAE04EC0-301F-11D3-BF4B-00C04F79EFBC}") = "Datastrukturer", "Datastrukturer.csproj", "{CC0CA2C4-3E8C-E494-25F4-93EAF6AA25D6}"
EndProject
Project("{2150E333-8FDC-42A3-9474-1A3956D46DE8}") = "Tests", "Tests", "{0AB3BF05-4346-4AA6-1389-037BE0695223}"
EndProject
Project("{FAE04EC0-301F-11D3-BF4B-00C04F79EFBC}") = "TestProject1", "..\Tests\TestProject1\TestProject1.csproj", "{F93A6D68-AF4A-4413-B0A8-3FBB41D943FF}"
EndProject
Global
	GlobalSection(SolutionConfigurationPlatforms) = preSolution
		Debug|Any CPU = Debug|Any CPU
		Debug|x64 = Debug|x64
		Debug|x86 = Debug|x86
		Release|Any CPU = Release|Any CPU
		Release|x64 = Release|x64
		Release|x86 = Release|x86
	EndGlobalSection
	GlobalSection(ProjectConfigurationPlatforms) = postSolution
		{CC0CA2C4-3E8C-E494-25F4-93EAF6AA25D6}.Debug|Any CPU.ActiveCfg = Debug|Any CPU
		{CC0CA2C4-3E8C-E494-25F4-93EAF6AA25D6}.Debug|Any CPU.Build.0 = Debug|Any CPU
		{CC0CA2C4-3E8C-E494-25F4-93EAF6AA25D6}.Debug|x64.ActiveCfg = Debug|Any CPU
		{CC0CA2C4-3E8C-E494-25F4-93EAF6AA25D6}.Debug|x64.Build.0 = Debug|Any CPU
		{CC0CA2C4-3E8C-E494-25F4-93EAF6AA25D6}.Debug|x86.ActiveCfg = Debug|Any CPU
		{CC0CA2C4-3E8C-E494-25F4-93EAF6AA25D6}.Debug|x86.Build.0 = Debug|Any CPU
		{CC0CA2C4-3E8C-E494-25F4-93EAF6AA25D6}.Release|Any CPU.ActiveCfg = Release|Any CPU
		{CC0CA2C4-3E8C-E494-25F4-93EAF6AA25D6}.Release|Any CPU.Build.0 = Release|Any CPU
		{CC0CA2C4-3E8C-E494-25F4-93EAF6AA25D6}.Release|x64.ActiveCfg = Release|Any CPU
		{CC0CA2C4-3E8C-E494-25F4-93EAF6AA25D6}.Release|x64.Build.0 = Release|Any CPU
		{CC0CA2C4-3E8C-E494-25F4-93EAF6AA25D6}.Release|x86.ActiveCfg = Release|Any CPU
		{CC0CA2C4-3E8C-E494-25F4-93EAF6AA25D6}.Release|x86.Build.0 = Release|Any CPU
		{F93A6D68-AF4A-4413-B0A8-3FBB41D943FF}.Debug|Any CPU.ActiveCfg = Debug|Any CPU
		{F93A6D68-AF4A-4413-B0A8-3FBB41D943FF}.Debug|Any CPU.Build.0 = Debug|Any CPU
		{F93A6D68-AF4A-4413-B0A8-3FBB41D943FF}.Debug|x64.ActiveCfg = Debug|Any CPU
		{F93A6D68-AF4A-4413-B0A8-3FBB41D943FF}.Debug|x64.Build.0 = Debug|Any CPU
		{F93A6D68-AF4A-4413-B0A8-3FBB41D943FF}.Debug|x86.ActiveCfg = Debug|Any CPU
		{F93A6D68-AF4A-4413-B0A8-3FBB41D943FF}.Debug|x86.Build.0 = Debug|Any CPU
		{F93A6D68-AF4A-4413-B0A8-3FBB41D943FF}.Release|Any CPU.ActiveCfg = Release|Any CPU
		{F93A6D68-AF4A-4413-B0A8-3FBB41D943FF}.Release|Any CPU.Build.0 = Release|Any CPU
		{F93A6D68-AF4A-4413-B0A8-3FBB41D943FF}.Release|x64.ActiveCfg = Release|Any CPU
		{F93A6D68-AF4A-4413-B0A8-3FBB41D943FF}.Release|x64.Build.0 = Release|Any CPU
		{F93A6D68-AF4A-4413-B0A8-3FBB41D943FF}.Release|x86.ActiveCfg = Release|Any CPU
		{F93A6D68-AF4A-4413-B0A8-3FBB41D943FF}.Release|x86.Build.0 = Release|Any CPU
	EndGlobalSection
	GlobalSection(SolutionProperties) = preSolution
		HideSolutionNode = FALSE
	EndGlobalSection
	GlobalSection(NestedProjects) = preSolution
		{F93A6D68-AF4A-4413-B0A8-3FBB41D943FF} = {0AB3BF05-4346-4AA6-1389-037BE0695223}
	EndGlobalSection
	GlobalSection(ExtensibilityGlobals) = postSolution
		SolutionGuid = {DF98244E-2B5A-4A78-96D9-9400FCEC018E}
	EndGlobalSection
EndGlobal
